
Microsoft Visual Studio Solution File, Format Version 12.00
# Visual Studio 15
VisualStudioVersion = 15.0.27703.2000
MinimumVisualStudioVersion = 10.0.40219.1
Project("{FAE04EC0-301F-11D3-BF4B-00C04F79EFBC}") = "MyRx", "MyRx\MyRx.csproj", "{3BFA707F-3110-4D5E-A2E2-47828AACDC07}"
EndProject
Global
	GlobalSection(SolutionConfigurationPlatforms) = preSolution
		Debug|Any CPU = Debug|Any CPU
		Release|Any CPU = Release|Any CPU
	EndGlobalSection
	GlobalSection(ProjectConfigurationPlatforms) = postSolution
		{3BFA707F-3110-4D5E-A2E2-47828AACDC07}.Debug|Any CPU.ActiveCfg = Debug|Any CPU
		{3BFA707F-3110-4D5E-A2E2-47828AACDC07}.Debug|Any CPU.Build.0 = Debug|Any CPU
		{3BFA707F-3110-4D5E-A2E2-47828AACDC07}.Release|Any CPU.ActiveCfg = Release|Any CPU
		{3BFA707F-3110-4D5E-A2E2-47828AACDC07}.Release|Any CPU.Build.0 = Release|Any CPU
	EndGlobalSection
	GlobalSection(SolutionProperties) = preSolution
		HideSolutionNode = FALSE
	EndGlobalSection
	GlobalSection(ExtensibilityGlobals) = postSolution
		SolutionGuid = {73B0E981-DB14-402A-A5D3-E62F7635406C}
	EndGlobalSection
EndGlobal
